# THIS IS AN AUTOGENERATED FILE. DO NOT EDIT THIS FILE DIRECTLY.
# yarn lockfile v1


browser-extension-distribution@*:
  version "0.1.1"
  resolved "https://registry.yarnpkg.com/browser-extension-distribution/-/browser-extension-distribution-0.1.1.tgz#4aa752325955c50b7a8d220d8977818f123eb6bc"
  integrity sha512-TCV/0+zMF5ev3G2NgaQB4s25FwL9oI+YEFoPulGBqE9kvJeIX4UO1v/zFnvSl2buoPKHKntZkLg+B6hGYSLjPg==
  dependencies:
    promise-based-xhr "*"
    webextension-polyfill "*"

promise-based-xhr@*:
  version "1.0.2"
  resolved "https://registry.yarnpkg.com/promise-based-xhr/-/promise-based-xhr-1.0.2.tgz#16320061cfd87f4bc66148a7507023626c7b2666"
  integrity sha512-u/ro+o3K/aQWH/pq5fnc2i4nTyzqoCQUwgeoJicJQaXw6e9klfib0fpwPNmmd8cl/W36HePT2iC/ITSlvD11Vw==

webextension-polyfill@*:
  version "0.7.0"
  resolved "https://registry.yarnpkg.com/webextension-polyfill/-/webextension-polyfill-0.7.0.tgz#0df1120ff0266056319ce1a622b09ad8d4a56505"
  integrity sha512-su48BkMLxqzTTvPSE1eWxKToPS2Tv5DLGxKexLEVpwFd6Po6N8hhSLIvG6acPAg7qERoEaDL+Y5HQJeJeml5Aw==
